
Microsoft Visual Studio Solution File, Format Version 12.00
# Visual Studio Version 16
VisualStudioVersion = 16.0.32901.82
MinimumVisualStudioVersion = 10.0.40219.1
Project("{FAE04EC0-301F-11D3-BF4B-00C04F79EFBC}") = "InstituteRegistration", "InstituteRegistration.csproj", "{FFC883D5-84EC-48E9-98D4-FA2C63A90BF9}"
EndProject
Project("{FAE04EC0-301F-11D3-BF4B-00C04F79EFBC}") = "DataAccessLayerDAL", "..\DataAccessLayerDAL\DataAccessLayerDAL.csproj", "{4FDDDC8A-08BA-42AB-B999-FA3ABD2B8425}"
EndProject
Project("{FAE04EC0-301F-11D3-BF4B-00C04F79EFBC}") = "BussinessAccessLayerBAL", "..\BussinessAccessLayerBAL\BussinessAccessLayerBAL.csproj", "{AB2AC196-EA50-4E23-8D47-3BED7367909E}"
EndProject
Global
	GlobalSection(SolutionConfigurationPlatforms) = preSolution
		Debug|Any CPU = Debug|Any CPU
		Release|Any CPU = Release|Any CPU
	EndGlobalSection
	GlobalSection(ProjectConfigurationPlatforms) = postSolution
		{FFC883D5-84EC-48E9-98D4-FA2C63A90BF9}.Debug|Any CPU.ActiveCfg = Debug|Any CPU
		{FFC883D5-84EC-48E9-98D4-FA2C63A90BF9}.Debug|Any CPU.Build.0 = Debug|Any CPU
		{FFC883D5-84EC-48E9-98D4-FA2C63A90BF9}.Release|Any CPU.ActiveCfg = Release|Any CPU
		{FFC883D5-84EC-48E9-98D4-FA2C63A90BF9}.Release|Any CPU.Build.0 = Release|Any CPU
		{4FDDDC8A-08BA-42AB-B999-FA3ABD2B8425}.Debug|Any CPU.ActiveCfg = Debug|Any CPU
		{4FDDDC8A-08BA-42AB-B999-FA3ABD2B8425}.Debug|Any CPU.Build.0 = Debug|Any CPU
		{4FDDDC8A-08BA-42AB-B999-FA3ABD2B8425}.Release|Any CPU.ActiveCfg = Release|Any CPU
		{4FDDDC8A-08BA-42AB-B999-FA3ABD2B8425}.Release|Any CPU.Build.0 = Release|Any CPU
		{AB2AC196-EA50-4E23-8D47-3BED7367909E}.Debug|Any CPU.ActiveCfg = Debug|Any CPU
		{AB2AC196-EA50-4E23-8D47-3BED7367909E}.Debug|Any CPU.Build.0 = Debug|Any CPU
		{AB2AC196-EA50-4E23-8D47-3BED7367909E}.Release|Any CPU.ActiveCfg = Release|Any CPU
		{AB2AC196-EA50-4E23-8D47-3BED7367909E}.Release|Any CPU.Build.0 = Release|Any CPU
	EndGlobalSection
	GlobalSection(SolutionProperties) = preSolution
		HideSolutionNode = FALSE
	EndGlobalSection
	GlobalSection(ExtensibilityGlobals) = postSolution
		SolutionGuid = {E1D1BF9C-92AC-4C5A-82A3-D2F943F1F419}
	EndGlobalSection
EndGlobal
