
Microsoft Visual Studio Solution File, Format Version 12.00
# Visual Studio Version 16
VisualStudioVersion = 16.0.32901.82
MinimumVisualStudioVersion = 10.0.40219.1
Project("{FAE04EC0-301F-11D3-BF4B-00C04F79EFBC}") = "TableCreation", "TableCreation.csproj", "{A861432D-695C-4F99-AB91-5BEC96ECF162}"
EndProject
Global
	GlobalSection(SolutionConfigurationPlatforms) = preSolution
		Debug|Any CPU = Debug|Any CPU
		Release|Any CPU = Release|Any CPU
	EndGlobalSection
	GlobalSection(ProjectConfigurationPlatforms) = postSolution
		{A861432D-695C-4F99-AB91-5BEC96ECF162}.Debug|Any CPU.ActiveCfg = Debug|Any CPU
		{A861432D-695C-4F99-AB91-5BEC96ECF162}.Debug|Any CPU.Build.0 = Debug|Any CPU
		{A861432D-695C-4F99-AB91-5BEC96ECF162}.Release|Any CPU.ActiveCfg = Release|Any CPU
		{A861432D-695C-4F99-AB91-5BEC96ECF162}.Release|Any CPU.Build.0 = Release|Any CPU
	EndGlobalSection
	GlobalSection(SolutionProperties) = preSolution
		HideSolutionNode = FALSE
	EndGlobalSection
	GlobalSection(ExtensibilityGlobals) = postSolution
		SolutionGuid = {86D586EC-863E-43C8-B7A9-4E43008EF2FD}
	EndGlobalSection
EndGlobal
